<?xml version="1.0" encoding="utf-8"?>
<Project ToolsVersion="4.0" xmlns="http://schemas.microsoft.com/developer/msbuild/2003">
  <ItemGroup>
    <ClCompile Include="inc\sqlite3\sqlite3.c" />
    <ClCompile Include="main.cpp" />
    <ClCompile Include="src\features\airbrake.cpp" />
    <ClCompile Include="src\features\anims.cpp" />
    <ClCompile Include="src\ui_support\menu_functions.cpp" />
    <ClCompile Include="src\features\skins.cpp" />
    <ClCompile Include="src\features\teleportation.cpp" />
    <ClCompile Include="src\features\vehicles.cpp" />
    <ClCompile Include="src\features\weapons.cpp" />
    <ClCompile Include="src\features\vehmodmenu.cpp" />
    <ClCompile Include="src\features\world.cpp" />
    <ClCompile Include="src\debug\debuglog.cpp" />
    <ClCompile Include="src\storage\database.cpp" />
    <ClCompile Include="src\features\paintmenu.cpp" />
    <ClCompile Include="src\io\io.cpp" />
    <ClCompile Include="src\io\keyboard.cpp" />
    <ClCompile Include="src\io\config_io.cpp" />
    <ClCompile Include="src\features\script.cpp" />
    <ClCompile Include="src\features\time.cpp" />
  </ItemGroup>
  <ItemGroup>
    <ClInclude Include="inc\main.h" />
    <ClInclude Include="inc\nativeCaller.h" />
    <ClInclude Include="inc\sqlite3\sqlite3.h" />
    <ClInclude Include="inc\sqlite3\sqlite3ext.h" />
    <ClInclude Include="inc\types.h" />
    <ClInclude Include="resource.h" />
    <ClInclude Include="src\features\airbrake.h" />
    <ClInclude Include="src\features\anims.h" />
    <ClInclude Include="src\ui_support\menu_functions.h" />
    <ClInclude Include="src\features\skins.h" />
    <ClInclude Include="src\features\teleportation.h" />
    <ClInclude Include="src\features\vehicles.h" />
    <ClInclude Include="src\features\weapons.h" />
    <ClInclude Include="src\features\world.h" />
    <ClInclude Include="src\debug\debuglog.h" />
    <ClInclude Include="src\storage\database.h" />
    <ClInclude Include="src\io\io.h" />
    <ClInclude Include="src\io\keyboard.h" />
    <ClInclude Include="src\io\config_io.h" />
    <ClInclude Include="src\features\script.h" />
    <ClInclude Include="src\features\time.h" />
  </ItemGroup>
  <ItemGroup>
    <Xml Include="ent-config.xml" />
  </ItemGroup>
  <ItemGroup>
    <None Include="Documents\Enhanced Trainer Release Notes.rtf" />
    <None Include="Documents\GTA V Peds Master.xlsm" />
    <None Include="Documents\GTA V Vehicles Master.xlsm" />
  </ItemGroup>
  <ItemGroup>
    <Library Include="lib\ScriptHookV.lib" />
  </ItemGroup>
  <ItemGroup>
    <ResourceCompile Include="Resource.rc" />
  </ItemGroup>
</Project>